
Microsoft Visual Studio Solution File, Format Version 12.00
# Visual Studio Version 17
VisualStudioVersion = 17.8.34316.72
MinimumVisualStudioVersion = 10.0.40219.1
Project("{FAE04EC0-301F-11D3-BF4B-00C04F79EFBC}") = "VisualAcademy.Desktop", "VisualAcademy.Desktop\VisualAcademy.Desktop.csproj", "{8454A9C7-83DD-4799-BE6E-6BA1D3DE9FAF}"
EndProject
Global
	GlobalSection(SolutionConfigurationPlatforms) = preSolution
		Debug|Any CPU = Debug|Any CPU
		Release|Any CPU = Release|Any CPU
	EndGlobalSection
	GlobalSection(ProjectConfigurationPlatforms) = postSolution
		{8454A9C7-83DD-4799-BE6E-6BA1D3DE9FAF}.Debug|Any CPU.ActiveCfg = Debug|Any CPU
		{8454A9C7-83DD-4799-BE6E-6BA1D3DE9FAF}.Debug|Any CPU.Build.0 = Debug|Any CPU
		{8454A9C7-83DD-4799-BE6E-6BA1D3DE9FAF}.Release|Any CPU.ActiveCfg = Release|Any CPU
		{8454A9C7-83DD-4799-BE6E-6BA1D3DE9FAF}.Release|Any CPU.Build.0 = Release|Any CPU
	EndGlobalSection
	GlobalSection(SolutionProperties) = preSolution
		HideSolutionNode = FALSE
	EndGlobalSection
	GlobalSection(ExtensibilityGlobals) = postSolution
		SolutionGuid = {93D4ABD3-20AD-44E0-B102-F7A8FCFA4F44}
	EndGlobalSection
EndGlobal
